
Microsoft Visual Studio Solution File, Format Version 12.00
# Visual Studio 2013
VisualStudioVersion = 12.0.0.0
MinimumVisualStudioVersion = 10.0.0.1
Project("{8BB2217D-0F2D-49D1-97BC-3654ED321F3B}") = "SocketHttpListener.AspNetCore.Server", "SocketHttpListener.AspNetCore.Server\SocketHttpListener.AspNetCore.Server.xproj", "{D1CCD8A4-3532-48E8-89A4-38A10B7A7683}"
EndProject
Project("{8BB2217D-0F2D-49D1-97BC-3654ED321F3B}") = "App", "App\App.xproj", "{A34C7ED9-63B9-4E36-BDD5-9B83D9EDFA26}"
EndProject
Global
	GlobalSection(SolutionConfigurationPlatforms) = preSolution
		Debug|Any CPU = Debug|Any CPU
		Release|Any CPU = Release|Any CPU
	EndGlobalSection
	GlobalSection(ProjectConfigurationPlatforms) = postSolution
		{D1CCD8A4-3532-48E8-89A4-38A10B7A7683}.Debug|Any CPU.ActiveCfg = Debug|Any CPU
		{D1CCD8A4-3532-48E8-89A4-38A10B7A7683}.Debug|Any CPU.Build.0 = Debug|Any CPU
		{D1CCD8A4-3532-48E8-89A4-38A10B7A7683}.Release|Any CPU.ActiveCfg = Release|Any CPU
		{D1CCD8A4-3532-48E8-89A4-38A10B7A7683}.Release|Any CPU.Build.0 = Release|Any CPU
		{A34C7ED9-63B9-4E36-BDD5-9B83D9EDFA26}.Debug|Any CPU.ActiveCfg = Debug|Any CPU
		{A34C7ED9-63B9-4E36-BDD5-9B83D9EDFA26}.Debug|Any CPU.Build.0 = Debug|Any CPU
		{A34C7ED9-63B9-4E36-BDD5-9B83D9EDFA26}.Release|Any CPU.ActiveCfg = Release|Any CPU
		{A34C7ED9-63B9-4E36-BDD5-9B83D9EDFA26}.Release|Any CPU.Build.0 = Release|Any CPU
	EndGlobalSection
	GlobalSection(SolutionProperties) = preSolution
		HideSolutionNode = FALSE
	EndGlobalSection
EndGlobal
